PODS:
  - lottie-ios (3.2.3)
  - PlayerSocket (0.1.7):
    - lottie-ios
    - Socket.IO-Client-Swift (~> 14.0.0)
  - Socket.IO-Client-Swift (14.0.0):
    - Starscream (~> 3.0.6)
  - Starscream (3.0.6)

DEPENDENCIES:
  - lottie-ios
  - PlayerSocket (from `../`)
  - Socket.IO-Client-Swift (~> 14.0.0)

SPEC REPOS:
  trunk:
    - lottie-ios
    - Socket.IO-Client-Swift
    - Starscream

EXTERNAL SOURCES:
  PlayerSocket:
    :path: "../"

SPEC CHECKSUMS:
  lottie-ios: c058aeafa76daa4cf64d773554bccc8385d0150e
  PlayerSocket: 09747acac84c1795306cc0bff29478cb232004fd
  Socket.IO-Client-Swift: 21e6a8a23a7d367d5ddfab6cbbd3c679cf3c25d6
  Starscream: ef3ece99d765eeccb67de105bfa143f929026cf5

PODFILE CHECKSUM: a85200bd29cbb92e3df4bda76c627d0c98a0e333

COCOAPODS: 1.11.2
